
Microsoft Visual Studio Solution File, Format Version 12.00
# Visual Studio Version 17
VisualStudioVersion = 17.6.33815.320
MinimumVisualStudioVersion = 10.0.40219.1
Project("{FAE04EC0-301F-11D3-BF4B-00C04F79EFBC}") = "WBF_API_ClassLibrary", "WBF_API_ClassLibrary.csproj", "{10477C75-A6FC-4DE9-B0D3-E9AD578751B6}"
EndProject
Global
	GlobalSection(SolutionConfigurationPlatforms) = preSolution
		Debug|Any CPU = Debug|Any CPU
		Release|Any CPU = Release|Any CPU
	EndGlobalSection
	GlobalSection(ProjectConfigurationPlatforms) = postSolution
		{10477C75-A6FC-4DE9-B0D3-E9AD578751B6}.Debug|Any CPU.ActiveCfg = Debug|Any CPU
		{10477C75-A6FC-4DE9-B0D3-E9AD578751B6}.Debug|Any CPU.Build.0 = Debug|Any CPU
		{10477C75-A6FC-4DE9-B0D3-E9AD578751B6}.Release|Any CPU.ActiveCfg = Release|Any CPU
		{10477C75-A6FC-4DE9-B0D3-E9AD578751B6}.Release|Any CPU.Build.0 = Release|Any CPU
	EndGlobalSection
	GlobalSection(SolutionProperties) = preSolution
		HideSolutionNode = FALSE
	EndGlobalSection
	GlobalSection(ExtensibilityGlobals) = postSolution
		SolutionGuid = {0672F8B0-9578-479B-8D62-38C914E49E53}
	EndGlobalSection
EndGlobal
